// !$*UTF8*$!
{
	archiveVersion = 1;
	classes = {
	};
	objectVersion = 51;
	objects = {

/* Begin PBXBuildFile section */
		9626561C2588AFDE001A31B1 /* AppDelegate.swift in Sources */ = {isa = PBXBuildFile; fileRef = 9626561B2588AFDE001A31B1 /* AppDelegate.swift */; };
		9626561E2588AFDE001A31B1 /* SceneDelegate.swift in Sources */ = {isa = PBXBuildFile; fileRef = 9626561D2588AFDE001A31B1 /* SceneDelegate.swift */; };
		962656202588AFDE001A31B1 /* ViewController.swift in Sources */ = {isa = PBXBuildFile; fileRef = 9626561F2588AFDE001A31B1 /* ViewController.swift */; };
		962656232588AFDE001A31B1 /* Main.storyboard in Resources */ = {isa = PBXBuildFile; fileRef = 962656212588AFDE001A31B1 /* Main.storyboard */; };
		962656252588AFE0001A31B1 /* Assets.xcassets in Resources */ = {isa = PBXBuildFile; fileRef = 962656242588AFE0001A31B1 /* Assets.xcassets */; };
		962656282588AFE0001A31B1 /* LaunchScreen.storyboard in Resources */ = {isa = PBXBuildFile; fileRef = 962656262588AFE0001A31B1 /* LaunchScreen.storyboard */; };
		96FAC15D25C080620091B736 /* Service.swift in Sources */ = {isa = PBXBuildFile; fileRef = 96FAC15C25C080620091B736 /* Service.swift */; };
		96FAC15F25C080C90091B736 /* MaskService.swift in Sources */ = {isa = PBXBuildFile; fileRef = 96FAC15E25C080C90091B736 /* MaskService.swift */; };
		96FAC16225C0977F0091B736 /* StatsViewController.swift in Sources */ = {isa = PBXBuildFile; fileRef = 96FAC16025C0977F0091B736 /* StatsViewController.swift */; };
		96FAC16325C0977F0091B736 /* StatsViewController.xib in Resources */ = {isa = PBXBuildFile; fileRef = 96FAC16125C0977F0091B736 /* StatsViewController.xib */; };
		96FAC16625C0BD2C0091B736 /* HomeViewController.swift in Sources */ = {isa = PBXBuildFile; fileRef = 96FAC16425C0BD2C0091B736 /* HomeViewController.swift */; };
		96FAC16725C0BD2C0091B736 /* HomeViewController.xib in Resources */ = {isa = PBXBuildFile; fileRef = 96FAC16525C0BD2C0091B736 /* HomeViewController.xib */; };
		96FAC16925C0C24E0091B736 /* MaskStat.swift in Sources */ = {isa = PBXBuildFile; fileRef = 96FAC16825C0C24E0091B736 /* MaskStat.swift */; };
		F0DACA79661DF95D429D8CD7 /* Pods_VideoStream.framework in Frameworks */ = {isa = PBXBuildFile; fileRef = 519C00BF8A1DAB526281858A /* Pods_VideoStream.framework */; };
/* End PBXBuildFile section */

/* Begin PBXFileReference section */
		2C5AF5AA8A22DE4F92DBC238 /* Pods-VideoStream.debug.xcconfig */ = {isa = PBXFileReference; includeInIndex = 1; lastKnownFileType = text.xcconfig; name = "Pods-VideoStream.debug.xcconfig"; path = "Target Support Files/Pods-VideoStream/Pods-VideoStream.debug.xcconfig"; sourceTree = "<group>"; };
		519C00BF8A1DAB526281858A /* Pods_VideoStream.framework */ = {isa = PBXFileReference; explicitFileType = wrapper.framework; includeInIndex = 0; path = Pods_VideoStream.framework; sourceTree = BUILT_PRODUCTS_DIR; };
		962656182588AFDD001A31B1 /* VideoStream.app */ = {isa = PBXFileReference; explicitFileType = wrapper.application; includeInIndex = 0; path = VideoStream.app; sourceTree = BUILT_PRODUCTS_DIR; };
		9626561B2588AFDE001A31B1 /* AppDelegate.swift */ = {isa = PBXFileReference; lastKnownFileType = sourcecode.swift; path = AppDelegate.swift; sourceTree = "<group>"; };
		9626561D2588AFDE001A31B1 /* SceneDelegate.swift */ = {isa = PBXFileReference; lastKnownFileType = sourcecode.swift; path = SceneDelegate.swift; sourceTree = "<group>"; };
		9626561F2588AFDE001A31B1 /* ViewController.swift */ = {isa = PBXFileReference; lastKnownFileType = sourcecode.swift; path = ViewController.swift; sourceTree = "<group>"; };
		962656222588AFDE001A31B1 /* Base */ = {isa = PBXFileReference; lastKnownFileType = file.storyboard; name = Base; path = Base.lproj/Main.storyboard; sourceTree = "<group>"; };
		962656242588AFE0001A31B1 /* Assets.xcassets */ = {isa = PBXFileReference; lastKnownFileType = folder.assetcatalog; path = Assets.xcassets; sourceTree = "<group>"; };
		962656272588AFE0001A31B1 /* Base */ = {isa = PBXFileReference; lastKnownFileType = file.storyboard; name = Base; path = Base.lproj/LaunchScreen.storyboard; sourceTree = "<group>"; };
		962656292588AFE0001A31B1 /* Info.plist */ = {isa = PBXFileReference; lastKnownFileType = text.plist.xml; path = Info.plist; sourceTree = "<group>"; };
		96FAC15C25C080620091B736 /* Service.swift */ = {isa = PBXFileReference; lastKnownFileType = sourcecode.swift; path = Service.swift; sourceTree = "<group>"; };
		96FAC15E25C080C90091B736 /* MaskService.swift */ = {isa = PBXFileReference; lastKnownFileType = sourcecode.swift; path = MaskService.swift; sourceTree = "<group>"; };
		96FAC16025C0977F0091B736 /* StatsViewController.swift */ = {isa = PBXFileReference; lastKnownFileType = sourcecode.swift; path = StatsViewController.swift; sourceTree = "<group>"; };
		96FAC16125C0977F0091B736 /* StatsViewController.xib */ = {isa = PBXFileReference; lastKnownFileType = file.xib; path = StatsViewController.xib; sourceTree = "<group>"; };
		96FAC16425C0BD2C0091B736 /* HomeViewController.swift */ = {isa = PBXFileReference; lastKnownFileType = sourcecode.swift; path = HomeViewController.swift; sourceTree = "<group>"; };
		96FAC16525C0BD2C0091B736 /* HomeViewController.xib */ = {isa = PBXFileReference; lastKnownFileType = file.xib; path = HomeViewController.xib; sourceTree = "<group>"; };
		96FAC16825C0C24E0091B736 /* MaskStat.swift */ = {isa = PBXFileReference; lastKnownFileType = sourcecode.swift; path = MaskStat.swift; sourceTree = "<group>"; };
		9980DDF0BCC3D0924FC3BBA0 /* Pods-VideoStream.release.xcconfig */ = {isa = PBXFileReference; includeInIndex = 1; lastKnownFileType = text.xcconfig; name = "Pods-VideoStream.release.xcconfig"; path = "Target Support Files/Pods-VideoStream/Pods-VideoStream.release.xcconfig"; sourceTree = "<group>"; };
/* End PBXFileReference section */

/* Begin PBXFrameworksBuildPhase section */
		962656152588AFDD001A31B1 /* Frameworks */ = {
			isa = PBXFrameworksBuildPhase;
			buildActionMask = 2147483647;
			files = (
				F0DACA79661DF95D429D8CD7 /* Pods_VideoStream.framework in Frameworks */,
			);
			runOnlyForDeploymentPostprocessing = 0;
		};
/* End PBXFrameworksBuildPhase section */

/* Begin PBXGroup section */
		519335C4D3849A1263851E5E /* Frameworks */ = {
			isa = PBXGroup;
			children = (
				519C00BF8A1DAB526281858A /* Pods_VideoStream.framework */,
			);
			name = Frameworks;
			sourceTree = "<group>";
		};
		7476DC0BD3540C95DA510901 /* Pods */ = {
			isa = PBXGroup;
			children = (
				2C5AF5AA8A22DE4F92DBC238 /* Pods-VideoStream.debug.xcconfig */,
				9980DDF0BCC3D0924FC3BBA0 /* Pods-VideoStream.release.xcconfig */,
			);
			path = Pods;
			sourceTree = "<group>";
		};
		9626560F2588AFDD001A31B1 = {
			isa = PBXGroup;
			children = (
				9626561A2588AFDD001A31B1 /* VideoStream */,
				962656192588AFDD001A31B1 /* Products */,
				7476DC0BD3540C95DA510901 /* Pods */,
				519335C4D3849A1263851E5E /* Frameworks */,
			);
			sourceTree = "<group>";
		};
		962656192588AFDD001A31B1 /* Products */ = {
			isa = PBXGroup;
			children = (
				962656182588AFDD001A31B1 /* VideoStream.app */,
			);
			name = Products;
			sourceTree = "<group>";
		};
		9626561A2588AFDD001A31B1 /* VideoStream */ = {
			isa = PBXGroup;
			children = (
				9626561B2588AFDE001A31B1 /* AppDelegate.swift */,
				9626561D2588AFDE001A31B1 /* SceneDelegate.swift */,
				9626561F2588AFDE001A31B1 /* ViewController.swift */,
				962656212588AFDE001A31B1 /* Main.storyboard */,
				962656242588AFE0001A31B1 /* Assets.xcassets */,
				962656262588AFE0001A31B1 /* LaunchScreen.storyboard */,
				962656292588AFE0001A31B1 /* Info.plist */,
				96FAC15C25C080620091B736 /* Service.swift */,
				96FAC15E25C080C90091B736 /* MaskService.swift */,
				96FAC16025C0977F0091B736 /* StatsViewController.swift */,
				96FAC16125C0977F0091B736 /* StatsViewController.xib */,
				96FAC16425C0BD2C0091B736 /* HomeViewController.swift */,
				96FAC16525C0BD2C0091B736 /* HomeViewController.xib */,
				96FAC16825C0C24E0091B736 /* MaskStat.swift */,
			);
			path = VideoStream;
			sourceTree = "<group>";
		};
/* End PBXGroup section */

/* Begin PBXNativeTarget section */
		962656172588AFDD001A31B1 /* VideoStream */ = {
			isa = PBXNativeTarget;
			buildConfigurationList = 9626562C2588AFE0001A31B1 /* Build configuration list for PBXNativeTarget "VideoStream" */;
			buildPhases = (
				D2C8E6FF1AFCE28D3D0127B4 /* [CP] Check Pods Manifest.lock */,
				962656142588AFDD001A31B1 /* Sources */,
				962656152588AFDD001A31B1 /* Frameworks */,
				962656162588AFDD001A31B1 /* Resources */,
				10F1A79A43C4CAEC22FBD484 /* [CP] Embed Pods Frameworks */,
			);
			buildRules = (
			);
			dependencies = (
			);
			name = VideoStream;
			productName = VideoStream;
			productReference = 962656182588AFDD001A31B1 /* VideoStream.app */;
			productType = "com.apple.product-type.application";
		};
/* End PBXNativeTarget section */

/* Begin PBXProject section */
		962656102588AFDD001A31B1 /* Project object */ = {
			isa = PBXProject;
			attributes = {
				LastSwiftUpdateCheck = 1130;
				LastUpgradeCheck = 1130;
				ORGANIZATIONNAME = "Arthur BLANC";
				TargetAttributes = {
					962656172588AFDD001A31B1 = {
						CreatedOnToolsVersion = 11.3;
					};
				};
			};
			buildConfigurationList = 962656132588AFDD001A31B1 /* Build configuration list for PBXProject "VideoStream" */;
			compatibilityVersion = "Xcode 9.3";
			developmentRegion = en;
			hasScannedForEncodings = 0;
			knownRegions = (
				en,
				Base,
			);
			mainGroup = 9626560F2588AFDD001A31B1;
			productRefGroup = 962656192588AFDD001A31B1 /* Products */;
			projectDirPath = "";
			projectRoot = "";
			targets = (
				962656172588AFDD001A31B1 /* VideoStream */,
			);
		};
/* End PBXProject section */

/* Begin PBXResourcesBuildPhase section */
		962656162588AFDD001A31B1 /* Resources */ = {
			isa = PBXResourcesBuildPhase;
			buildActionMask = 2147483647;
			files = (
				962656282588AFE0001A31B1 /* LaunchScreen.storyboard in Resources */,
				962656252588AFE0001A31B1 /* Assets.xcassets in Resources */,
				96FAC16725C0BD2C0091B736 /* HomeViewController.xib in Resources */,
				96FAC16325C0977F0091B736 /* StatsViewController.xib in Resources */,
				962656232588AFDE001A31B1 /* Main.storyboard in Resources */,
			);
			runOnlyForDeploymentPostprocessing = 0;
		};
/* End PBXResourcesBuildPhase section */

/* Begin PBXShellScriptBuildPhase section */
		10F1A79A43C4CAEC22FBD484 /* [CP] Embed Pods Frameworks */ = {
			isa = PBXShellScriptBuildPhase;
			buildActionMask = 2147483647;
			files = (
			);
			inputFileListPaths = (
				"${PODS_ROOT}/Target Support Files/Pods-VideoStream/Pods-VideoStream-frameworks-${CONFIGURATION}-input-files.xcfilelist",
			);
			name = "[CP] Embed Pods Frameworks";
			outputFileListPaths = (
				"${PODS_ROOT}/Target Support Files/Pods-VideoStream/Pods-VideoStream-frameworks-${CONFIGURATION}-output-files.xcfilelist",
			);
			runOnlyForDeploymentPostprocessing = 0;
			shellPath = /bin/sh;
			shellScript = "\"${PODS_ROOT}/Target Support Files/Pods-VideoStream/Pods-VideoStream-frameworks.sh\"\n";
			showEnvVarsInLog = 0;
		};
		D2C8E6FF1AFCE28D3D0127B4 /* [CP] Check Pods Manifest.lock */ = {
			isa = PBXShellScriptBuildPhase;
			buildActionMask = 2147483647;
			files = (
			);
			inputFileListPaths = (
			);
			inputPaths = (
				"${PODS_PODFILE_DIR_PATH}/Podfile.lock",
				"${PODS_ROOT}/Manifest.lock",
			);
			name = "[CP] Check Pods Manifest.lock";
			outputFileListPaths = (
			);
			outputPaths = (
				"$(DERIVED_FILE_DIR)/Pods-VideoStream-checkManifestLockResult.txt",
			);
			runOnlyForDeploymentPostprocessing = 0;
			shellPath = /bin/sh;
			shellScript = "diff \"${PODS_PODFILE_DIR_PATH}/Podfile.lock\" \"${PODS_ROOT}/Manifest.lock\" > /dev/null\nif [ $? != 0 ] ; then\n    # print error to STDERR\n    echo \"error: The sandbox is not in sync with the Podfile.lock. Run 'pod install' or update your CocoaPods installation.\" >&2\n    exit 1\nfi\n# This output is used by Xcode 'outputs' to avoid re-running this script phase.\necho \"SUCCESS\" > \"${SCRIPT_OUTPUT_FILE_0}\"\n";
			showEnvVarsInLog = 0;
		};
/* End PBXShellScriptBuildPhase section */

/* Begin PBXSourcesBuildPhase section */
		962656142588AFDD001A31B1 /* Sources */ = {
			isa = PBXSourcesBuildPhase;
			buildActionMask = 2147483647;
			files = (
				962656202588AFDE001A31B1 /* ViewController.swift in Sources */,
				96FAC16925C0C24E0091B736 /* MaskStat.swift in Sources */,
				96FAC15D25C080620091B736 /* Service.swift in Sources */,
				96FAC15F25C080C90091B736 /* MaskService.swift in Sources */,
				9626561C2588AFDE001A31B1 /* AppDelegate.swift in Sources */,
				96FAC16225C0977F0091B736 /* StatsViewController.swift in Sources */,
				96FAC16625C0BD2C0091B736 /* HomeViewController.swift in Sources */,
				9626561E2588AFDE001A31B1 /* SceneDelegate.swift in Sources */,
			);
			runOnlyForDeploymentPostprocessing = 0;
		};
/* End PBXSourcesBuildPhase section */

/* Begin PBXVariantGroup section */
		962656212588AFDE001A31B1 /* Main.storyboard */ = {
			isa = PBXVariantGroup;
			children = (
				962656222588AFDE001A31B1 /* Base */,
			);
			name = Main.storyboard;
			sourceTree = "<group>";
		};
		962656262588AFE0001A31B1 /* LaunchScreen.storyboard */ = {
			isa = PBXVariantGroup;
			children = (
				962656272588AFE0001A31B1 /* Base */,
			);
			name = LaunchScreen.storyboard;
			sourceTree = "<group>";
		};
/* End PBXVariantGroup section */

/* Begin XCBuildConfiguration section */
		9626562A2588AFE0001A31B1 /* Debug */ = {
			isa = XCBuildConfiguration;
			buildSettings = {
				ALWAYS_SEARCH_USER_PATHS = NO;
				CLANG_ANALYZER_NONNULL = YES;
				CLANG_ANALYZER_NUMBER_OBJECT_CONVERSION = YES_AGGRESSIVE;
				CLANG_CXX_LANGUAGE_STANDARD = "gnu++14";
				CLANG_CXX_LIBRARY = "libc++";
				CLANG_ENABLE_MODULES = YES;
				CLANG_ENABLE_OBJC_ARC = YES;
				CLANG_ENABLE_OBJC_WEAK = YES;
				CLANG_WARN_BLOCK_CAPTURE_AUTORELEASING = YES;
				CLANG_WARN_BOOL_CONVERSION = YES;
				CLANG_WARN_COMMA = YES;
				CLANG_WARN_CONSTANT_CONVERSION = YES;
				CLANG_WARN_DEPRECATED_OBJC_IMPLEMENTATIONS = YES;
				CLANG_WARN_DIRECT_OBJC_ISA_USAGE = YES_ERROR;
				CLANG_WARN_DOCUMENTATION_COMMENTS = YES;
				CLANG_WARN_EMPTY_BODY = YES;
				CLANG_WARN_ENUM_CONVERSION = YES;
				CLANG_WARN_INFINITE_RECURSION = YES;
				CLANG_WARN_INT_CONVERSION = YES;
				CLANG_WARN_NON_LITERAL_NULL_CONVERSION = YES;
				CLANG_WARN_OBJC_IMPLICIT_RETAIN_SELF = YES;
				CLANG_WARN_OBJC_LITERAL_CONVERSION = YES;
				CLANG_WARN_OBJC_ROOT_CLASS = YES_ERROR;
				CLANG_WARN_RANGE_LOOP_ANALYSIS = YES;
				CLANG_WARN_STRICT_PROTOTYPES = YES;
				CLANG_WARN_SUSPICIOUS_MOVE = YES;
				CLANG_WARN_UNGUARDED_AVAILABILITY = YES_AGGRESSIVE;
				CLANG_WARN_UNREACHABLE_CODE = YES;
				CLANG_WARN__DUPLICATE_METHOD_MATCH = YES;
				COPY_PHASE_STRIP = NO;
				DEBUG_INFORMATION_FORMAT = dwarf;
				ENABLE_STRICT_OBJC_MSGSEND = YES;
				ENABLE_TESTABILITY = YES;
				GCC_C_LANGUAGE_STANDARD = gnu11;
				GCC_DYNAMIC_NO_PIC = NO;
				GCC_NO_COMMON_BLOCKS = YES;
				GCC_OPTIMIZATION_LEVEL = 0;
				GCC_PREPROCESSOR_DEFINITIONS = (
					"DEBUG=1",
					"$(inherited)",
				);
				GCC_WARN_64_TO_32_BIT_CONVERSION = YES;
				GCC_WARN_ABOUT_RETURN_TYPE = YES_ERROR;
				GCC_WARN_UNDECLARED_SELECTOR = YES;
				GCC_WARN_UNINITIALIZED_AUTOS = YES_AGGRESSIVE;
				GCC_WARN_UNUSED_FUNCTION = YES;
				GCC_WARN_UNUSED_VARIABLE = YES;
				IPHONEOS_DEPLOYMENT_TARGET = 13.2;
				MTL_ENABLE_DEBUG_INFO = INCLUDE_SOURCE;
				MTL_FAST_MATH = YES;
				ONLY_ACTIVE_ARCH = YES;
				SDKROOT = iphoneos;
				SWIFT_ACTIVE_COMPILATION_CONDITIONS = DEBUG;
				SWIFT_OPTIMIZATION_LEVEL = "-Onone";
			};
			name = Debug;
		};
		9626562B2588AFE0001A31B1 /* Release */ = {
			isa = XCBuildConfiguration;
			buildSettings = {
				ALWAYS_SEARCH_USER_PATHS = NO;
				CLANG_ANALYZER_NONNULL = YES;
				CLANG_ANALYZER_NUMBER_OBJECT_CONVERSION = YES_AGGRESSIVE;
				CLANG_CXX_LANGUAGE_STANDARD = "gnu++14";
				CLANG_CXX_LIBRARY = "libc++";
				CLANG_ENABLE_MODULES = YES;
				CLANG_ENABLE_OBJC_ARC = YES;
				CLANG_ENABLE_OBJC_WEAK = YES;
				CLANG_WARN_BLOCK_CAPTURE_AUTORELEASING = YES;
				CLANG_WARN_BOOL_CONVERSION = YES;
				CLANG_WARN_COMMA = YES;
				CLANG_WARN_CONSTANT_CONVERSION = YES;
				CLANG_WARN_DEPRECATED_OBJC_IMPLEMENTATIONS = YES;
				CLANG_WARN_DIRECT_OBJC_ISA_USAGE = YES_ERROR;
				CLANG_WARN_DOCUMENTATION_COMMENTS = YES;
				CLANG_WARN_EMPTY_BODY = YES;
				CLANG_WARN_ENUM_CONVERSION = YES;
				CLANG_WARN_INFINITE_RECURSION = YES;
				CLANG_WARN_INT_CONVERSION = YES;
				CLANG_WARN_NON_LITERAL_NULL_CONVERSION = YES;
				CLANG_WARN_OBJC_IMPLICIT_RETAIN_SELF = YES;
				CLANG_WARN_OBJC_LITERAL_CONVERSION = YES;
				CLANG_WARN_OBJC_ROOT_CLASS = YES_ERROR;
				CLANG_WARN_RANGE_LOOP_ANALYSIS = YES;
				CLANG_WARN_STRICT_PROTOTYPES = YES;
				CLANG_WARN_SUSPICIOUS_MOVE = YES;
				CLANG_WARN_UNGUARDED_AVAILABILITY = YES_AGGRESSIVE;
				CLANG_WARN_UNREACHABLE_CODE = YES;
				CLANG_WARN__DUPLICATE_METHOD_MATCH = YES;
				COPY_PHASE_STRIP = NO;
				DEBUG_INFORMATION_FORMAT = "dwarf-with-dsym";
				ENABLE_NS_ASSERTIONS = NO;
				ENABLE_STRICT_OBJC_MSGSEND = YES;
				GCC_C_LANGUAGE_STANDARD = gnu11;
				GCC_NO_COMMON_BLOCKS = YES;
				GCC_WARN_64_TO_32_BIT_CONVERSION = YES;
				GCC_WARN_ABOUT_RETURN_TYPE = YES_ERROR;
				GCC_WARN_UNDECLARED_SELECTOR = YES;
				GCC_WARN_UNINITIALIZED_AUTOS = YES_AGGRESSIVE;
				GCC_WARN_UNUSED_FUNCTION = YES;
				GCC_WARN_UNUSED_VARIABLE = YES;
				IPHONEOS_DEPLOYMENT_TARGET = 13.2;
				MTL_ENABLE_DEBUG_INFO = NO;
				MTL_FAST_MATH = YES;
				SDKROOT = iphoneos;
				SWIFT_COMPILATION_MODE = wholemodule;
				SWIFT_OPTIMIZATION_LEVEL = "-O";
				VALIDATE_PRODUCT = YES;
			};
			name = Release;
		};
		9626562D2588AFE0001A31B1 /* Debug */ = {
			isa = XCBuildConfiguration;
			baseConfigurationReference = 2C5AF5AA8A22DE4F92DBC238 /* Pods-VideoStream.debug.xcconfig */;
			buildSettings = {
				ASSETCATALOG_COMPILER_APPICON_NAME = AppIcon;
				CODE_SIGN_STYLE = Automatic;
				DEVELOPMENT_TEAM = F66C8G9FWJ;
				INFOPLIST_FILE = VideoStream/Info.plist;
				LD_RUNPATH_SEARCH_PATHS = (
					"$(inherited)",
					"@executable_path/Frameworks",
				);
				PRODUCT_BUNDLE_IDENTIFIER = arthur.VideoStream;
				PRODUCT_NAME = "$(TARGET_NAME)";
				SWIFT_VERSION = 5.0;
				TARGETED_DEVICE_FAMILY = "1,2";
			};
			name = Debug;
		};
		9626562E2588AFE0001A31B1 /* Release */ = {
			isa = XCBuildConfiguration;
			baseConfigurationReference = 9980DDF0BCC3D0924FC3BBA0 /* Pods-VideoStream.release.xcconfig */;
			buildSettings = {
				ASSETCATALOG_COMPILER_APPICON_NAME = AppIcon;
				CODE_SIGN_STYLE = Automatic;
				DEVELOPMENT_TEAM = F66C8G9FWJ;
				INFOPLIST_FILE = VideoStream/Info.plist;
				LD_RUNPATH_SEARCH_PATHS = (
					"$(inherited)",
					"@executable_path/Frameworks",
				);
				PRODUCT_BUNDLE_IDENTIFIER = arthur.VideoStream;
				PRODUCT_NAME = "$(TARGET_NAME)";
				SWIFT_VERSION = 5.0;
				TARGETED_DEVICE_FAMILY = "1,2";
			};
			name = Release;
		};
/* End XCBuildConfiguration section */

/* Begin XCConfigurationList section */
		962656132588AFDD001A31B1 /* Build configuration list for PBXProject "VideoStream" */ = {
			isa = XCConfigurationList;
			buildConfigurations = (
				9626562A2588AFE0001A31B1 /* Debug */,
				9626562B2588AFE0001A31B1 /* Release */,
			);
			defaultConfigurationIsVisible = 0;
			defaultConfigurationName = Release;
		};
		9626562C2588AFE0001A31B1 /* Build configuration list for PBXNativeTarget "VideoStream" */ = {
			isa = XCConfigurationList;
			buildConfigurations = (
				9626562D2588AFE0001A31B1 /* Debug */,
				9626562E2588AFE0001A31B1 /* Release */,
			);
			defaultConfigurationIsVisible = 0;
			defaultConfigurationName = Release;
		};
/* End XCConfigurationList section */
	};
	rootObject = 962656102588AFDD001A31B1 /* Project object */;
}
